
Microsoft Visual Studio Solution File, Format Version 12.00
# Visual Studio 15
VisualStudioVersion = 15.0.28307.271
MinimumVisualStudioVersion = 10.0.40219.1
Project("{FAE04EC0-301F-11D3-BF4B-00C04F79EFBC}") = "CalculatorApp", "CalculatorApp\CalculatorApp.csproj", "{7FC21994-91F8-443E-A351-94F7B013B6F3}"
EndProject
Project("{FAE04EC0-301F-11D3-BF4B-00C04F79EFBC}") = "Calculator", "ClassLibrary1\Calculator.csproj", "{2C126260-6231-4245-84CA-66EF61E569CE}"
EndProject
Project("{FAE04EC0-301F-11D3-BF4B-00C04F79EFBC}") = "Calculator.Test", "ClassLibrary2\Calculator.Test.csproj", "{4EDE012A-9367-46BA-AD7F-2E9CF09AF2C4}"
EndProject
Global
	GlobalSection(SolutionConfigurationPlatforms) = preSolution
		Debug|Any CPU = Debug|Any CPU
		Release|Any CPU = Release|Any CPU
	EndGlobalSection
	GlobalSection(ProjectConfigurationPlatforms) = postSolution
		{7FC21994-91F8-443E-A351-94F7B013B6F3}.Debug|Any CPU.ActiveCfg = Debug|Any CPU
		{7FC21994-91F8-443E-A351-94F7B013B6F3}.Debug|Any CPU.Build.0 = Debug|Any CPU
		{7FC21994-91F8-443E-A351-94F7B013B6F3}.Release|Any CPU.ActiveCfg = Release|Any CPU
		{7FC21994-91F8-443E-A351-94F7B013B6F3}.Release|Any CPU.Build.0 = Release|Any CPU
		{2C126260-6231-4245-84CA-66EF61E569CE}.Debug|Any CPU.ActiveCfg = Debug|Any CPU
		{2C126260-6231-4245-84CA-66EF61E569CE}.Debug|Any CPU.Build.0 = Debug|Any CPU
		{2C126260-6231-4245-84CA-66EF61E569CE}.Release|Any CPU.ActiveCfg = Release|Any CPU
		{2C126260-6231-4245-84CA-66EF61E569CE}.Release|Any CPU.Build.0 = Release|Any CPU
		{4EDE012A-9367-46BA-AD7F-2E9CF09AF2C4}.Debug|Any CPU.ActiveCfg = Debug|Any CPU
		{4EDE012A-9367-46BA-AD7F-2E9CF09AF2C4}.Debug|Any CPU.Build.0 = Debug|Any CPU
		{4EDE012A-9367-46BA-AD7F-2E9CF09AF2C4}.Release|Any CPU.ActiveCfg = Release|Any CPU
		{4EDE012A-9367-46BA-AD7F-2E9CF09AF2C4}.Release|Any CPU.Build.0 = Release|Any CPU
	EndGlobalSection
	GlobalSection(SolutionProperties) = preSolution
		HideSolutionNode = FALSE
	EndGlobalSection
	GlobalSection(ExtensibilityGlobals) = postSolution
		SolutionGuid = {7BE3A21A-44B2-4400-8ECB-564DEB8E3FAC}
	EndGlobalSection
EndGlobal
